{
  "name": "ao-test-kit",
  "version": "1.0.0",
  "lockfileVersion": 3,
  "requires": true,
  "packages": {
    "": {
      "name": "ao-test-kit",
      "version": "1.0.0",
      "license": "ISC",
      "dependencies": {
        "@permaweb/ao-loader": "^0.0.26"
      },
      "engines": {
        "node": ">=22"
      }
    },
    "node_modules/@permaweb/ao-loader": {
      "version": "0.0.26",
      "resolved": "https://registry.npmjs.org/@permaweb/ao-loader/-/ao-loader-0.0.26.tgz",
      "integrity": "sha512-e40lM4C9rBWcHuGfg6zf/T5Qbr+JxiE5IBy+97qroke6EoPH88V+wgsHdunoEqlprcI3hw197cWP9GLWtBnXbg==",
      "engines": {
        "node": ">=18"
      }
    }
  }
}
